// !$*UTF8*$!
{
	archiveVersion = 1;
	classes = {
	};
	objectVersion = 46;
	objects = {

/* Begin PBXBuildFile section */
		0C6958811B3DE23A00B7C651 /* AstronautRun.atlas in Resources */ = {isa = PBXBuildFile; fileRef = 0C6958801B3DE23A00B7C651 /* AstronautRun.atlas */; };
		0C7493671B3B06C200A1BA09 /* MoonLevel.swift in Sources */ = {isa = PBXBuildFile; fileRef = 0C7493661B3B06C200A1BA09 /* MoonLevel.swift */; };
		0C7493691B3B0F7400A1BA09 /* MercuryLevel.swift in Sources */ = {isa = PBXBuildFile; fileRef = 0C7493681B3B0F7400A1BA09 /* MercuryLevel.swift */; };
		0C74936B1B3B129C00A1BA09 /* VenusLevel.swift in Sources */ = {isa = PBXBuildFile; fileRef = 0C74936A1B3B129C00A1BA09 /* VenusLevel.swift */; };
		0C74936D1B3B142900A1BA09 /* MarsLevel.swift in Sources */ = {isa = PBXBuildFile; fileRef = 0C74936C1B3B142900A1BA09 /* MarsLevel.swift */; };
		0C74936F1B3B15B200A1BA09 /* JupiterLevel.swift in Sources */ = {isa = PBXBuildFile; fileRef = 0C74936E1B3B15B200A1BA09 /* JupiterLevel.swift */; };
		0C7493711B3B1E1B00A1BA09 /* SaturnLevel.swift in Sources */ = {isa = PBXBuildFile; fileRef = 0C7493701B3B1E1B00A1BA09 /* SaturnLevel.swift */; };
		0C7493731B3B1E5900A1BA09 /* UranusLevel.swift in Sources */ = {isa = PBXBuildFile; fileRef = 0C7493721B3B1E5900A1BA09 /* UranusLevel.swift */; };
		0C7493751B3B1EDA00A1BA09 /* NeptuneLevel.swift in Sources */ = {isa = PBXBuildFile; fileRef = 0C7493741B3B1EDA00A1BA09 /* NeptuneLevel.swift */; };
		0C7493771B3B1EFD00A1BA09 /* PlutoLevel.swift in Sources */ = {isa = PBXBuildFile; fileRef = 0C7493761B3B1EFD00A1BA09 /* PlutoLevel.swift */; };
		0C8D06CC1B42E2D4001759C9 /* AstronautFly.atlas in Resources */ = {isa = PBXBuildFile; fileRef = 0C8D06CB1B42E2D4001759C9 /* AstronautFly.atlas */; };
		0C94B8671B1F67D700945476 /* Hero.swift in Sources */ = {isa = PBXBuildFile; fileRef = 0C94B8661B1F67D700945476 /* Hero.swift */; };
		0C99D7301B430E2C003FA6DE /* QuestionDatabase.swift in Sources */ = {isa = PBXBuildFile; fileRef = 0C99D72F1B430E2C003FA6DE /* QuestionDatabase.swift */; };
		0C99D7321B431581003FA6DE /* TrueFalseQuestion.swift in Sources */ = {isa = PBXBuildFile; fileRef = 0C99D7311B431581003FA6DE /* TrueFalseQuestion.swift */; };
		0C9E72F21B41CB8A00AA003E /* PopUp.swift in Sources */ = {isa = PBXBuildFile; fileRef = 0C9E72F11B41CB8A00AA003E /* PopUp.swift */; };
		0CA0CECF1B1E3F41002282DA /* AppDelegate.swift in Sources */ = {isa = PBXBuildFile; fileRef = 0CA0CECE1B1E3F41002282DA /* AppDelegate.swift */; };
		0CA0CED11B1E3F41002282DA /* GameScene.sks in Resources */ = {isa = PBXBuildFile; fileRef = 0CA0CED01B1E3F41002282DA /* GameScene.sks */; };
		0CA0CED31B1E3F41002282DA /* GameScene.swift in Sources */ = {isa = PBXBuildFile; fileRef = 0CA0CED21B1E3F41002282DA /* GameScene.swift */; };
		0CA0CED51B1E3F41002282DA /* GameViewController.swift in Sources */ = {isa = PBXBuildFile; fileRef = 0CA0CED41B1E3F41002282DA /* GameViewController.swift */; };
		0CA0CED81B1E3F41002282DA /* Main.storyboard in Resources */ = {isa = PBXBuildFile; fileRef = 0CA0CED61B1E3F41002282DA /* Main.storyboard */; };
		0CA0CEDA1B1E3F41002282DA /* Images.xcassets in Resources */ = {isa = PBXBuildFile; fileRef = 0CA0CED91B1E3F41002282DA /* Images.xcassets */; };
		0CA0CEDD1B1E3F41002282DA /* LaunchScreen.xib in Resources */ = {isa = PBXBuildFile; fileRef = 0CA0CEDB1B1E3F41002282DA /* LaunchScreen.xib */; };
		0CA0CEE91B1E3F41002282DA /* HadesProjectTests.swift in Sources */ = {isa = PBXBuildFile; fileRef = 0CA0CEE81B1E3F41002282DA /* HadesProjectTests.swift */; };
		0CE9EAC51B39D58900D76019 /* EarthLevel.swift in Sources */ = {isa = PBXBuildFile; fileRef = 0CE9EAC41B39D58900D76019 /* EarthLevel.swift */; };
		0D126FDD1B41ADCC008C45B1 /* InterfaceController.swift in Sources */ = {isa = PBXBuildFile; fileRef = 0D126FDC1B41ADCC008C45B1 /* InterfaceController.swift */; };
		0D126FDF1B41ADCC008C45B1 /* Images.xcassets in Resources */ = {isa = PBXBuildFile; fileRef = 0D126FDE1B41ADCC008C45B1 /* Images.xcassets */; };
		0D126FE31B41ADCC008C45B1 /* HadesProject WatchKit App.app in Resources */ = {isa = PBXBuildFile; fileRef = 0D126FE21B41ADCC008C45B1 /* HadesProject WatchKit App.app */; };
		0D126FEB1B41ADCC008C45B1 /* Interface.storyboard in Resources */ = {isa = PBXBuildFile; fileRef = 0D126FE91B41ADCC008C45B1 /* Interface.storyboard */; };
		0D126FED1B41ADCC008C45B1 /* Images.xcassets in Resources */ = {isa = PBXBuildFile; fileRef = 0D126FEC1B41ADCC008C45B1 /* Images.xcassets */; };
		0D126FF01B41ADCC008C45B1 /* HadesProject WatchKit Extension.appex in Embed App Extensions */ = {isa = PBXBuildFile; fileRef = 0D126FD81B41ADCC008C45B1 /* HadesProject WatchKit Extension.appex */; settings = {ATTRIBUTES = (RemoveHeadersOnCopy, ); }; };
		F4747BAD1B3DB80600822135 /* ShopScene.swift in Sources */ = {isa = PBXBuildFile; fileRef = F4747BAC1B3DB80600822135 /* ShopScene.swift */; };
/* End PBXBuildFile section */

/* Begin PBXContainerItemProxy section */
		0CA0CEE31B1E3F41002282DA /* PBXContainerItemProxy */ = {
			isa = PBXContainerItemProxy;
			containerPortal = 0CA0CEC11B1E3F41002282DA /* Project object */;
			proxyType = 1;
			remoteGlobalIDString = 0CA0CEC81B1E3F41002282DA;
			remoteInfo = HadesProject;
		};
		0D126FE41B41ADCC008C45B1 /* PBXContainerItemProxy */ = {
			isa = PBXContainerItemProxy;
			containerPortal = 0CA0CEC11B1E3F41002282DA /* Project object */;
			proxyType = 1;
			remoteGlobalIDString = 0D126FE11B41ADCC008C45B1;
			remoteInfo = "HadesProject WatchKit App";
		};
		0D126FEE1B41ADCC008C45B1 /* PBXContainerItemProxy */ = {
			isa = PBXContainerItemProxy;
			containerPortal = 0CA0CEC11B1E3F41002282DA /* Project object */;
			proxyType = 1;
			remoteGlobalIDString = 0D126FD71B41ADCC008C45B1;
			remoteInfo = "HadesProject WatchKit Extension";
		};
/* End PBXContainerItemProxy section */

/* Begin PBXCopyFilesBuildPhase section */
		0D126FF71B41ADCD008C45B1 /* Embed App Extensions */ = {
			isa = PBXCopyFilesBuildPhase;
			buildActionMask = 2147483647;
			dstPath = "";
			dstSubfolderSpec = 13;
			files = (
				0D126FF01B41ADCC008C45B1 /* HadesProject WatchKit Extension.appex in Embed App Extensions */,
			);
			name = "Embed App Extensions";
			runOnlyForDeploymentPostprocessing = 0;
		};
/* End PBXCopyFilesBuildPhase section */

/* Begin PBXFileReference section */
		0C6958801B3DE23A00B7C651 /* AstronautRun.atlas */ = {isa = PBXFileReference; lastKnownFileType = folder.skatlas; path = AstronautRun.atlas; sourceTree = "<group>"; };
		0C7493661B3B06C200A1BA09 /* MoonLevel.swift */ = {isa = PBXFileReference; fileEncoding = 4; lastKnownFileType = sourcecode.swift; path = MoonLevel.swift; sourceTree = "<group>"; };
		0C7493681B3B0F7400A1BA09 /* MercuryLevel.swift */ = {isa = PBXFileReference; fileEncoding = 4; lastKnownFileType = sourcecode.swift; path = MercuryLevel.swift; sourceTree = "<group>"; };
		0C74936A1B3B129C00A1BA09 /* VenusLevel.swift */ = {isa = PBXFileReference; fileEncoding = 4; lastKnownFileType = sourcecode.swift; path = VenusLevel.swift; sourceTree = "<group>"; };
		0C74936C1B3B142900A1BA09 /* MarsLevel.swift */ = {isa = PBXFileReference; fileEncoding = 4; lastKnownFileType = sourcecode.swift; path = MarsLevel.swift; sourceTree = "<group>"; };
		0C74936E1B3B15B200A1BA09 /* JupiterLevel.swift */ = {isa = PBXFileReference; fileEncoding = 4; lastKnownFileType = sourcecode.swift; path = JupiterLevel.swift; sourceTree = "<group>"; };
		0C7493701B3B1E1B00A1BA09 /* SaturnLevel.swift */ = {isa = PBXFileReference; fileEncoding = 4; lastKnownFileType = sourcecode.swift; path = SaturnLevel.swift; sourceTree = "<group>"; };
		0C7493721B3B1E5900A1BA09 /* UranusLevel.swift */ = {isa = PBXFileReference; fileEncoding = 4; lastKnownFileType = sourcecode.swift; path = UranusLevel.swift; sourceTree = "<group>"; };
		0C7493741B3B1EDA00A1BA09 /* NeptuneLevel.swift */ = {isa = PBXFileReference; fileEncoding = 4; lastKnownFileType = sourcecode.swift; path = NeptuneLevel.swift; sourceTree = "<group>"; };
		0C7493761B3B1EFD00A1BA09 /* PlutoLevel.swift */ = {isa = PBXFileReference; fileEncoding = 4; lastKnownFileType = sourcecode.swift; path = PlutoLevel.swift; sourceTree = "<group>"; };
		0C8D06CB1B42E2D4001759C9 /* AstronautFly.atlas */ = {isa = PBXFileReference; lastKnownFileType = folder.skatlas; path = AstronautFly.atlas; sourceTree = "<group>"; };
		0C94B8661B1F67D700945476 /* Hero.swift */ = {isa = PBXFileReference; fileEncoding = 4; lastKnownFileType = sourcecode.swift; path = Hero.swift; sourceTree = "<group>"; };
		0C99D72F1B430E2C003FA6DE /* QuestionDatabase.swift */ = {isa = PBXFileReference; fileEncoding = 4; lastKnownFileType = sourcecode.swift; path = QuestionDatabase.swift; sourceTree = "<group>"; };
		0C99D7311B431581003FA6DE /* TrueFalseQuestion.swift */ = {isa = PBXFileReference; fileEncoding = 4; lastKnownFileType = sourcecode.swift; path = TrueFalseQuestion.swift; sourceTree = "<group>"; };
		0C9E72F11B41CB8A00AA003E /* PopUp.swift */ = {isa = PBXFileReference; fileEncoding = 4; lastKnownFileType = sourcecode.swift; path = PopUp.swift; sourceTree = "<group>"; };
		0CA0CEC91B1E3F41002282DA /* HadesProject.app */ = {isa = PBXFileReference; explicitFileType = wrapper.application; includeInIndex = 0; path = HadesProject.app; sourceTree = BUILT_PRODUCTS_DIR; };
		0CA0CECD1B1E3F41002282DA /* Info.plist */ = {isa = PBXFileReference; lastKnownFileType = text.plist.xml; path = Info.plist; sourceTree = "<group>"; };
		0CA0CECE1B1E3F41002282DA /* AppDelegate.swift */ = {isa = PBXFileReference; lastKnownFileType = sourcecode.swift; path = AppDelegate.swift; sourceTree = "<group>"; };
		0CA0CED01B1E3F41002282DA /* GameScene.sks */ = {isa = PBXFileReference; lastKnownFileType = file.sks; path = GameScene.sks; sourceTree = "<group>"; };
		0CA0CED21B1E3F41002282DA /* GameScene.swift */ = {isa = PBXFileReference; lastKnownFileType = sourcecode.swift; path = GameScene.swift; sourceTree = "<group>"; };
		0CA0CED41B1E3F41002282DA /* GameViewController.swift */ = {isa = PBXFileReference; lastKnownFileType = sourcecode.swift; path = GameViewController.swift; sourceTree = "<group>"; };
		0CA0CED71B1E3F41002282DA /* Base */ = {isa = PBXFileReference; lastKnownFileType = file.storyboard; name = Base; path = Base.lproj/Main.storyboard; sourceTree = "<group>"; };
		0CA0CED91B1E3F41002282DA /* Images.xcassets */ = {isa = PBXFileReference; lastKnownFileType = folder.assetcatalog; path = Images.xcassets; sourceTree = "<group>"; };
		0CA0CEDC1B1E3F41002282DA /* Base */ = {isa = PBXFileReference; lastKnownFileType = file.xib; name = Base; path = Base.lproj/LaunchScreen.xib; sourceTree = "<group>"; };
		0CA0CEE21B1E3F41002282DA /* HadesProjectTests.xctest */ = {isa = PBXFileReference; explicitFileType = wrapper.cfbundle; includeInIndex = 0; path = HadesProjectTests.xctest; sourceTree = BUILT_PRODUCTS_DIR; };
		0CA0CEE71B1E3F41002282DA /* Info.plist */ = {isa = PBXFileReference; lastKnownFileType = text.plist.xml; path = Info.plist; sourceTree = "<group>"; };
		0CA0CEE81B1E3F41002282DA /* HadesProjectTests.swift */ = {isa = PBXFileReference; lastKnownFileType = sourcecode.swift; path = HadesProjectTests.swift; sourceTree = "<group>"; };
		0CE9EAC41B39D58900D76019 /* EarthLevel.swift */ = {isa = PBXFileReference; fileEncoding = 4; lastKnownFileType = sourcecode.swift; path = EarthLevel.swift; sourceTree = "<group>"; };
		0D126FD81B41ADCC008C45B1 /* HadesProject WatchKit Extension.appex */ = {isa = PBXFileReference; explicitFileType = "wrapper.app-extension"; includeInIndex = 0; path = "HadesProject WatchKit Extension.appex"; sourceTree = BUILT_PRODUCTS_DIR; };
		0D126FDB1B41ADCC008C45B1 /* Info.plist */ = {isa = PBXFileReference; lastKnownFileType = text.plist.xml; path = Info.plist; sourceTree = "<group>"; };
		0D126FDC1B41ADCC008C45B1 /* InterfaceController.swift */ = {isa = PBXFileReference; lastKnownFileType = sourcecode.swift; path = InterfaceController.swift; sourceTree = "<group>"; };
		0D126FDE1B41ADCC008C45B1 /* Images.xcassets */ = {isa = PBXFileReference; lastKnownFileType = folder.assetcatalog; path = Images.xcassets; sourceTree = "<group>"; };
		0D126FE21B41ADCC008C45B1 /* HadesProject WatchKit App.app */ = {isa = PBXFileReference; explicitFileType = wrapper.application; includeInIndex = 0; path = "HadesProject WatchKit App.app"; sourceTree = BUILT_PRODUCTS_DIR; };
		0D126FE81B41ADCC008C45B1 /* Info.plist */ = {isa = PBXFileReference; lastKnownFileType = text.plist.xml; path = Info.plist; sourceTree = "<group>"; };
		0D126FEA1B41ADCC008C45B1 /* Base */ = {isa = PBXFileReference; lastKnownFileType = file.storyboard; name = Base; path = Base.lproj/Interface.storyboard; sourceTree = "<group>"; };
		0D126FEC1B41ADCC008C45B1 /* Images.xcassets */ = {isa = PBXFileReference; lastKnownFileType = folder.assetcatalog; path = Images.xcassets; sourceTree = "<group>"; };
		F4747BAC1B3DB80600822135 /* ShopScene.swift */ = {isa = PBXFileReference; fileEncoding = 4; lastKnownFileType = sourcecode.swift; path = ShopScene.swift; sourceTree = "<group>"; };
/* End PBXFileReference section */

/* Begin PBXFrameworksBuildPhase section */
		0CA0CEC61B1E3F41002282DA /* Frameworks */ = {
			isa = PBXFrameworksBuildPhase;
			buildActionMask = 2147483647;
			files = (
			);
			runOnlyForDeploymentPostprocessing = 0;
		};
		0CA0CEDF1B1E3F41002282DA /* Frameworks */ = {
			isa = PBXFrameworksBuildPhase;
			buildActionMask = 2147483647;
			files = (
			);
			runOnlyForDeploymentPostprocessing = 0;
		};
		0D126FD51B41ADCC008C45B1 /* Frameworks */ = {
			isa = PBXFrameworksBuildPhase;
			buildActionMask = 2147483647;
			files = (
			);
			runOnlyForDeploymentPostprocessing = 0;
		};
/* End PBXFrameworksBuildPhase section */

/* Begin PBXGroup section */
		0C1989C01B3AFEEF00E00993 /* Levels */ = {
			isa = PBXGroup;
			children = (
				0C7493761B3B1EFD00A1BA09 /* PlutoLevel.swift */,
				0C7493741B3B1EDA00A1BA09 /* NeptuneLevel.swift */,
				0C7493721B3B1E5900A1BA09 /* UranusLevel.swift */,
				0C7493701B3B1E1B00A1BA09 /* SaturnLevel.swift */,
				0C74936E1B3B15B200A1BA09 /* JupiterLevel.swift */,
				0C74936C1B3B142900A1BA09 /* MarsLevel.swift */,
				0C74936A1B3B129C00A1BA09 /* VenusLevel.swift */,
				0C7493681B3B0F7400A1BA09 /* MercuryLevel.swift */,
				0C7493661B3B06C200A1BA09 /* MoonLevel.swift */,
				0CE9EAC41B39D58900D76019 /* EarthLevel.swift */,
			);
			name = Levels;
			sourceTree = "<group>";
		};
		0C94B8681B1F67E200945476 /* Items */ = {
			isa = PBXGroup;
			children = (
				0C9E72F11B41CB8A00AA003E /* PopUp.swift */,
				0C94B8661B1F67D700945476 /* Hero.swift */,
			);
			name = Items;
			sourceTree = "<group>";
		};
		0C99D72C1B430ADD003FA6DE /* Model */ = {
			isa = PBXGroup;
			children = (
				0C99D7311B431581003FA6DE /* TrueFalseQuestion.swift */,
				0C99D72F1B430E2C003FA6DE /* QuestionDatabase.swift */,
			);
			name = Model;
			sourceTree = "<group>";
		};
		0CA0CEC01B1E3F41002282DA = {
			isa = PBXGroup;
			children = (
				0CA0CECB1B1E3F41002282DA /* HadesProject */,
				0CA0CEE51B1E3F41002282DA /* HadesProjectTests */,
				0D126FD91B41ADCC008C45B1 /* HadesProject WatchKit Extension */,
				0D126FE61B41ADCC008C45B1 /* HadesProject WatchKit App */,
				0CA0CECA1B1E3F41002282DA /* Products */,
			);
			sourceTree = "<group>";
		};
		0CA0CECA1B1E3F41002282DA /* Products */ = {
			isa = PBXGroup;
			children = (
				0CA0CEC91B1E3F41002282DA /* HadesProject.app */,
				0CA0CEE21B1E3F41002282DA /* HadesProjectTests.xctest */,
				0D126FD81B41ADCC008C45B1 /* HadesProject WatchKit Extension.appex */,
				0D126FE21B41ADCC008C45B1 /* HadesProject WatchKit App.app */,
			);
			name = Products;
			sourceTree = "<group>";
		};
		0CA0CECB1B1E3F41002282DA /* HadesProject */ = {
			isa = PBXGroup;
			children = (
				0C99D72C1B430ADD003FA6DE /* Model */,
				0C8D06CB1B42E2D4001759C9 /* AstronautFly.atlas */,
				0C6958801B3DE23A00B7C651 /* AstronautRun.atlas */,
				0CA0CEF41B1E3FE8002282DA /* Scenes */,
				0CA0CEF31B1E3FC6002282DA /* ViewController */,
				0CA0CEF21B1E3FC2002282DA /* UI */,
				0CA0CECC1B1E3F41002282DA /* Supporting Files */,
			);
			path = HadesProject;
			sourceTree = "<group>";
		};
		0CA0CECC1B1E3F41002282DA /* Supporting Files */ = {
			isa = PBXGroup;
			children = (
				0CA0CECE1B1E3F41002282DA /* AppDelegate.swift */,
				0CA0CECD1B1E3F41002282DA /* Info.plist */,
			);
			name = "Supporting Files";
			sourceTree = "<group>";
		};
		0CA0CEE51B1E3F41002282DA /* HadesProjectTests */ = {
			isa = PBXGroup;
			children = (
				0CA0CEE81B1E3F41002282DA /* HadesProjectTests.swift */,
				0CA0CEE61B1E3F41002282DA /* Supporting Files */,
			);
			path = HadesProjectTests;
			sourceTree = "<group>";
		};
		0CA0CEE61B1E3F41002282DA /* Supporting Files */ = {
			isa = PBXGroup;
			children = (
				0CA0CEE71B1E3F41002282DA /* Info.plist */,
			);
			name = "Supporting Files";
			sourceTree = "<group>";
		};
		0CA0CEF21B1E3FC2002282DA /* UI */ = {
			isa = PBXGroup;
			children = (
				0CA0CED61B1E3F41002282DA /* Main.storyboard */,
				0CA0CED91B1E3F41002282DA /* Images.xcassets */,
				0CA0CEDB1B1E3F41002282DA /* LaunchScreen.xib */,
			);
			name = UI;
			sourceTree = "<group>";
		};
		0CA0CEF31B1E3FC6002282DA /* ViewController */ = {
			isa = PBXGroup;
			children = (
				0CA0CED41B1E3F41002282DA /* GameViewController.swift */,
			);
			name = ViewController;
			sourceTree = "<group>";
		};
		0CA0CEF41B1E3FE8002282DA /* Scenes */ = {
			isa = PBXGroup;
			children = (
				0C94B8681B1F67E200945476 /* Items */,
				0CA0CEF51B1E3FF3002282DA /* SKS */,
				0CA0CED21B1E3F41002282DA /* GameScene.swift */,
				F4747BAC1B3DB80600822135 /* ShopScene.swift */,
				0C1989C01B3AFEEF00E00993 /* Levels */,
			);
			name = Scenes;
			sourceTree = "<group>";
		};
		0CA0CEF51B1E3FF3002282DA /* SKS */ = {
			isa = PBXGroup;
			children = (
				0CA0CED01B1E3F41002282DA /* GameScene.sks */,
			);
			name = SKS;
			sourceTree = "<group>";
		};
		0D126FD91B41ADCC008C45B1 /* HadesProject WatchKit Extension */ = {
			isa = PBXGroup;
			children = (
				0D126FDC1B41ADCC008C45B1 /* InterfaceController.swift */,
				0D126FDE1B41ADCC008C45B1 /* Images.xcassets */,
				0D126FDA1B41ADCC008C45B1 /* Supporting Files */,
			);
			path = "HadesProject WatchKit Extension";
			sourceTree = "<group>";
		};
		0D126FDA1B41ADCC008C45B1 /* Supporting Files */ = {
			isa = PBXGroup;
			children = (
				0D126FDB1B41ADCC008C45B1 /* Info.plist */,
			);
			name = "Supporting Files";
			sourceTree = "<group>";
		};
		0D126FE61B41ADCC008C45B1 /* HadesProject WatchKit App */ = {
			isa = PBXGroup;
			children = (
				0D126FE91B41ADCC008C45B1 /* Interface.storyboard */,
				0D126FEC1B41ADCC008C45B1 /* Images.xcassets */,
				0D126FE71B41ADCC008C45B1 /* Supporting Files */,
			);
			path = "HadesProject WatchKit App";
			sourceTree = "<group>";
		};
		0D126FE71B41ADCC008C45B1 /* Supporting Files */ = {
			isa = PBXGroup;
			children = (
				0D126FE81B41ADCC008C45B1 /* Info.plist */,
			);
			name = "Supporting Files";
			sourceTree = "<group>";
		};
/* End PBXGroup section */

/* Begin PBXNativeTarget section */
		0CA0CEC81B1E3F41002282DA /* HadesProject */ = {
			isa = PBXNativeTarget;
			buildConfigurationList = 0CA0CEEC1B1E3F41002282DA /* Build configuration list for PBXNativeTarget "HadesProject" */;
			buildPhases = (
				0CA0CEC51B1E3F41002282DA /* Sources */,
				0CA0CEC61B1E3F41002282DA /* Frameworks */,
				0CA0CEC71B1E3F41002282DA /* Resources */,
				0D126FF71B41ADCD008C45B1 /* Embed App Extensions */,
			);
			buildRules = (
			);
			dependencies = (
				0D126FEF1B41ADCC008C45B1 /* PBXTargetDependency */,
			);
			name = HadesProject;
			productName = HadesProject;
			productReference = 0CA0CEC91B1E3F41002282DA /* HadesProject.app */;
			productType = "com.apple.product-type.application";
		};
		0CA0CEE11B1E3F41002282DA /* HadesProjectTests */ = {
			isa = PBXNativeTarget;
			buildConfigurationList = 0CA0CEEF1B1E3F41002282DA /* Build configuration list for PBXNativeTarget "HadesProjectTests" */;
			buildPhases = (
				0CA0CEDE1B1E3F41002282DA /* Sources */,
				0CA0CEDF1B1E3F41002282DA /* Frameworks */,
				0CA0CEE01B1E3F41002282DA /* Resources */,
			);
			buildRules = (
			);
			dependencies = (
				0CA0CEE41B1E3F41002282DA /* PBXTargetDependency */,
			);
			name = HadesProjectTests;
			productName = HadesProjectTests;
			productReference = 0CA0CEE21B1E3F41002282DA /* HadesProjectTests.xctest */;
			productType = "com.apple.product-type.bundle.unit-test";
		};
		0D126FD71B41ADCC008C45B1 /* HadesProject WatchKit Extension */ = {
			isa = PBXNativeTarget;
			buildConfigurationList = 0D126FF61B41ADCD008C45B1 /* Build configuration list for PBXNativeTarget "HadesProject WatchKit Extension" */;
			buildPhases = (
				0D126FD41B41ADCC008C45B1 /* Sources */,
				0D126FD51B41ADCC008C45B1 /* Frameworks */,
				0D126FD61B41ADCC008C45B1 /* Resources */,
			);
			buildRules = (
			);
			dependencies = (
				0D126FE51B41ADCC008C45B1 /* PBXTargetDependency */,
			);
			name = "HadesProject WatchKit Extension";
			productName = "HadesProject WatchKit Extension";
			productReference = 0D126FD81B41ADCC008C45B1 /* HadesProject WatchKit Extension.appex */;
			productType = "com.apple.product-type.watchkit-extension";
		};
		0D126FE11B41ADCC008C45B1 /* HadesProject WatchKit App */ = {
			isa = PBXNativeTarget;
			buildConfigurationList = 0D126FF51B41ADCD008C45B1 /* Build configuration list for PBXNativeTarget "HadesProject WatchKit App" */;
			buildPhases = (
				0D126FE01B41ADCC008C45B1 /* Resources */,
			);
			buildRules = (
			);
			dependencies = (
			);
			name = "HadesProject WatchKit App";
			productName = "HadesProject WatchKit App";
			productReference = 0D126FE21B41ADCC008C45B1 /* HadesProject WatchKit App.app */;
			productType = "com.apple.product-type.application.watchapp";
		};
/* End PBXNativeTarget section */

/* Begin PBXProject section */
		0CA0CEC11B1E3F41002282DA /* Project object */ = {
			isa = PBXProject;
			attributes = {
				LastSwiftUpdateCheck = 0700;
				LastUpgradeCheck = 0700;
				ORGANIZATIONNAME = OurCompany;
				TargetAttributes = {
					0CA0CEC81B1E3F41002282DA = {
						CreatedOnToolsVersion = 6.3.2;
						DevelopmentTeam = AD5N5Z8433;
					};
					0CA0CEE11B1E3F41002282DA = {
						CreatedOnToolsVersion = 6.3.2;
						TestTargetID = 0CA0CEC81B1E3F41002282DA;
					};
					0D126FD71B41ADCC008C45B1 = {
						CreatedOnToolsVersion = 6.3.2;
					};
					0D126FE11B41ADCC008C45B1 = {
						CreatedOnToolsVersion = 6.3.2;
					};
				};
			};
			buildConfigurationList = 0CA0CEC41B1E3F41002282DA /* Build configuration list for PBXProject "HadesProject" */;
			compatibilityVersion = "Xcode 3.2";
			developmentRegion = English;
			hasScannedForEncodings = 0;
			knownRegions = (
				en,
				Base,
			);
			mainGroup = 0CA0CEC01B1E3F41002282DA;
			productRefGroup = 0CA0CECA1B1E3F41002282DA /* Products */;
			projectDirPath = "";
			projectRoot = "";
			targets = (
				0CA0CEC81B1E3F41002282DA /* HadesProject */,
				0CA0CEE11B1E3F41002282DA /* HadesProjectTests */,
				0D126FD71B41ADCC008C45B1 /* HadesProject WatchKit Extension */,
				0D126FE11B41ADCC008C45B1 /* HadesProject WatchKit App */,
			);
		};
/* End PBXProject section */

/* Begin PBXResourcesBuildPhase section */
		0CA0CEC71B1E3F41002282DA /* Resources */ = {
			isa = PBXResourcesBuildPhase;
			buildActionMask = 2147483647;
			files = (
				0C6958811B3DE23A00B7C651 /* AstronautRun.atlas in Resources */,
				0C8D06CC1B42E2D4001759C9 /* AstronautFly.atlas in Resources */,
				0CA0CEDD1B1E3F41002282DA /* LaunchScreen.xib in Resources */,
				0CA0CEDA1B1E3F41002282DA /* Images.xcassets in Resources */,
				0CA0CED11B1E3F41002282DA /* GameScene.sks in Resources */,
				0CA0CED81B1E3F41002282DA /* Main.storyboard in Resources */,
			);
			runOnlyForDeploymentPostprocessing = 0;
		};
		0CA0CEE01B1E3F41002282DA /* Resources */ = {
			isa = PBXResourcesBuildPhase;
			buildActionMask = 2147483647;
			files = (
			);
			runOnlyForDeploymentPostprocessing = 0;
		};
		0D126FD61B41ADCC008C45B1 /* Resources */ = {
			isa = PBXResourcesBuildPhase;
			buildActionMask = 2147483647;
			files = (
				0D126FE31B41ADCC008C45B1 /* HadesProject WatchKit App.app in Resources */,
				0D126FDF1B41ADCC008C45B1 /* Images.xcassets in Resources */,
			);
			runOnlyForDeploymentPostprocessing = 0;
		};
		0D126FE01B41ADCC008C45B1 /* Resources */ = {
			isa = PBXResourcesBuildPhase;
			buildActionMask = 2147483647;
			files = (
				0D126FEB1B41ADCC008C45B1 /* Interface.storyboard in Resources */,
				0D126FED1B41ADCC008C45B1 /* Images.xcassets in Resources */,
			);
			runOnlyForDeploymentPostprocessing = 0;
		};
/* End PBXResourcesBuildPhase section */

/* Begin PBXSourcesBuildPhase section */
		0CA0CEC51B1E3F41002282DA /* Sources */ = {
			isa = PBXSourcesBuildPhase;
			buildActionMask = 2147483647;
			files = (
				0C99D7301B430E2C003FA6DE /* QuestionDatabase.swift in Sources */,
				0C99D7321B431581003FA6DE /* TrueFalseQuestion.swift in Sources */,
				0C74936F1B3B15B200A1BA09 /* JupiterLevel.swift in Sources */,
				0C7493691B3B0F7400A1BA09 /* MercuryLevel.swift in Sources */,
				0CA0CED31B1E3F41002282DA /* GameScene.swift in Sources */,
				F4747BAD1B3DB80600822135 /* ShopScene.swift in Sources */,
				0CA0CED51B1E3F41002282DA /* GameViewController.swift in Sources */,
				0CA0CECF1B1E3F41002282DA /* AppDelegate.swift in Sources */,
				0C7493771B3B1EFD00A1BA09 /* PlutoLevel.swift in Sources */,
				0C74936B1B3B129C00A1BA09 /* VenusLevel.swift in Sources */,
				0C7493671B3B06C200A1BA09 /* MoonLevel.swift in Sources */,
				0C7493711B3B1E1B00A1BA09 /* SaturnLevel.swift in Sources */,
				0C9E72F21B41CB8A00AA003E /* PopUp.swift in Sources */,
				0C74936D1B3B142900A1BA09 /* MarsLevel.swift in Sources */,
				0CE9EAC51B39D58900D76019 /* EarthLevel.swift in Sources */,
				0C7493731B3B1E5900A1BA09 /* UranusLevel.swift in Sources */,
				0C7493751B3B1EDA00A1BA09 /* NeptuneLevel.swift in Sources */,
				0C94B8671B1F67D700945476 /* Hero.swift in Sources */,
			);
			runOnlyForDeploymentPostprocessing = 0;
		};
		0CA0CEDE1B1E3F41002282DA /* Sources */ = {
			isa = PBXSourcesBuildPhase;
			buildActionMask = 2147483647;
			files = (
				0CA0CEE91B1E3F41002282DA /* HadesProjectTests.swift in Sources */,
			);
			runOnlyForDeploymentPostprocessing = 0;
		};
		0D126FD41B41ADCC008C45B1 /* Sources */ = {
			isa = PBXSourcesBuildPhase;
			buildActionMask = 2147483647;
			files = (
				0D126FDD1B41ADCC008C45B1 /* InterfaceController.swift in Sources */,
			);
			runOnlyForDeploymentPostprocessing = 0;
		};
/* End PBXSourcesBuildPhase section */

/* Begin PBXTargetDependency section */
		0CA0CEE41B1E3F41002282DA /* PBXTargetDependency */ = {
			isa = PBXTargetDependency;
			target = 0CA0CEC81B1E3F41002282DA /* HadesProject */;
			targetProxy = 0CA0CEE31B1E3F41002282DA /* PBXContainerItemProxy */;
		};
		0D126FE51B41ADCC008C45B1 /* PBXTargetDependency */ = {
			isa = PBXTargetDependency;
			target = 0D126FE11B41ADCC008C45B1 /* HadesProject WatchKit App */;
			targetProxy = 0D126FE41B41ADCC008C45B1 /* PBXContainerItemProxy */;
		};
		0D126FEF1B41ADCC008C45B1 /* PBXTargetDependency */ = {
			isa = PBXTargetDependency;
			target = 0D126FD71B41ADCC008C45B1 /* HadesProject WatchKit Extension */;
			targetProxy = 0D126FEE1B41ADCC008C45B1 /* PBXContainerItemProxy */;
		};
/* End PBXTargetDependency section */

/* Begin PBXVariantGroup section */
		0CA0CED61B1E3F41002282DA /* Main.storyboard */ = {
			isa = PBXVariantGroup;
			children = (
				0CA0CED71B1E3F41002282DA /* Base */,
			);
			name = Main.storyboard;
			sourceTree = "<group>";
		};
		0CA0CEDB1B1E3F41002282DA /* LaunchScreen.xib */ = {
			isa = PBXVariantGroup;
			children = (
				0CA0CEDC1B1E3F41002282DA /* Base */,
			);
			name = LaunchScreen.xib;
			sourceTree = "<group>";
		};
		0D126FE91B41ADCC008C45B1 /* Interface.storyboard */ = {
			isa = PBXVariantGroup;
			children = (
				0D126FEA1B41ADCC008C45B1 /* Base */,
			);
			name = Interface.storyboard;
			sourceTree = "<group>";
		};
/* End PBXVariantGroup section */

/* Begin XCBuildConfiguration section */
		0CA0CEEA1B1E3F41002282DA /* Debug */ = {
			isa = XCBuildConfiguration;
			buildSettings = {
				ALWAYS_SEARCH_USER_PATHS = NO;
				CLANG_CXX_LANGUAGE_STANDARD = "gnu++0x";
				CLANG_CXX_LIBRARY = "libc++";
				CLANG_ENABLE_MODULES = YES;
				CLANG_ENABLE_OBJC_ARC = YES;
				CLANG_WARN_BOOL_CONVERSION = YES;
				CLANG_WARN_CONSTANT_CONVERSION = YES;
				CLANG_WARN_DIRECT_OBJC_ISA_USAGE = YES_ERROR;
				CLANG_WARN_EMPTY_BODY = YES;
				CLANG_WARN_ENUM_CONVERSION = YES;
				CLANG_WARN_INT_CONVERSION = YES;
				CLANG_WARN_OBJC_ROOT_CLASS = YES_ERROR;
				CLANG_WARN_UNREACHABLE_CODE = YES;
				CLANG_WARN__DUPLICATE_METHOD_MATCH = YES;
				"CODE_SIGN_IDENTITY[sdk=iphoneos*]" = "iPhone Developer";
				COPY_PHASE_STRIP = NO;
				DEBUG_INFORMATION_FORMAT = "dwarf-with-dsym";
				ENABLE_STRICT_OBJC_MSGSEND = YES;
				ENABLE_TESTABILITY = YES;
				GCC_C_LANGUAGE_STANDARD = gnu99;
				GCC_DYNAMIC_NO_PIC = NO;
				GCC_NO_COMMON_BLOCKS = YES;
				GCC_OPTIMIZATION_LEVEL = 0;
				GCC_PREPROCESSOR_DEFINITIONS = (
					"DEBUG=1",
					"$(inherited)",
				);
				GCC_SYMBOLS_PRIVATE_EXTERN = NO;
				GCC_WARN_64_TO_32_BIT_CONVERSION = YES;
				GCC_WARN_ABOUT_RETURN_TYPE = YES_ERROR;
				GCC_WARN_UNDECLARED_SELECTOR = YES;
				GCC_WARN_UNINITIALIZED_AUTOS = YES_AGGRESSIVE;
				GCC_WARN_UNUSED_FUNCTION = YES;
				GCC_WARN_UNUSED_VARIABLE = YES;
				IPHONEOS_DEPLOYMENT_TARGET = 8.3;
				MTL_ENABLE_DEBUG_INFO = YES;
				ONLY_ACTIVE_ARCH = YES;
				SDKROOT = iphoneos;
				SWIFT_OPTIMIZATION_LEVEL = "-Onone";
				TARGETED_DEVICE_FAMILY = "1,2";
			};
			name = Debug;
		};
		0CA0CEEB1B1E3F41002282DA /* Release */ = {
			isa = XCBuildConfiguration;
			buildSettings = {
				ALWAYS_SEARCH_USER_PATHS = NO;
				CLANG_CXX_LANGUAGE_STANDARD = "gnu++0x";
				CLANG_CXX_LIBRARY = "libc++";
				CLANG_ENABLE_MODULES = YES;
				CLANG_ENABLE_OBJC_ARC = YES;
				CLANG_WARN_BOOL_CONVERSION = YES;
				CLANG_WARN_CONSTANT_CONVERSION = YES;
				CLANG_WARN_DIRECT_OBJC_ISA_USAGE = YES_ERROR;
				CLANG_WARN_EMPTY_BODY = YES;
				CLANG_WARN_ENUM_CONVERSION = YES;
				CLANG_WARN_INT_CONVERSION = YES;
				CLANG_WARN_OBJC_ROOT_CLASS = YES_ERROR;
				CLANG_WARN_UNREACHABLE_CODE = YES;
				CLANG_WARN__DUPLICATE_METHOD_MATCH = YES;
				"CODE_SIGN_IDENTITY[sdk=iphoneos*]" = "iPhone Developer";
				COPY_PHASE_STRIP = NO;
				DEBUG_INFORMATION_FORMAT = "dwarf-with-dsym";
				ENABLE_NS_ASSERTIONS = NO;
				ENABLE_STRICT_OBJC_MSGSEND = YES;
				GCC_C_LANGUAGE_STANDARD = gnu99;
				GCC_NO_COMMON_BLOCKS = YES;
				GCC_WARN_64_TO_32_BIT_CONVERSION = YES;
				GCC_WARN_ABOUT_RETURN_TYPE = YES_ERROR;
				GCC_WARN_UNDECLARED_SELECTOR = YES;
				GCC_WARN_UNINITIALIZED_AUTOS = YES_AGGRESSIVE;
				GCC_WARN_UNUSED_FUNCTION = YES;
				GCC_WARN_UNUSED_VARIABLE = YES;
				IPHONEOS_DEPLOYMENT_TARGET = 8.3;
				MTL_ENABLE_DEBUG_INFO = NO;
				SDKROOT = iphoneos;
				TARGETED_DEVICE_FAMILY = "1,2";
				VALIDATE_PRODUCT = YES;
			};
			name = Release;
		};
		0CA0CEED1B1E3F41002282DA /* Debug */ = {
			isa = XCBuildConfiguration;
			buildSettings = {
				ASSETCATALOG_COMPILER_APPICON_NAME = AppIcon;
				CODE_SIGN_IDENTITY = "iPhone Developer";
				"CODE_SIGN_IDENTITY[sdk=iphoneos*]" = "iPhone Developer";
				INFOPLIST_FILE = HadesProject/Info.plist;
				LD_RUNPATH_SEARCH_PATHS = "$(inherited) @executable_path/Frameworks";
				PRODUCT_BUNDLE_IDENTIFIER = "com.OurCompany.$(PRODUCT_NAME:rfc1034identifier)";
				PRODUCT_NAME = "$(TARGET_NAME)";
				PROVISIONING_PROFILE = "";
			};
			name = Debug;
		};
		0CA0CEEE1B1E3F41002282DA /* Release */ = {
			isa = XCBuildConfiguration;
			buildSettings = {
				ASSETCATALOG_COMPILER_APPICON_NAME = AppIcon;
				CODE_SIGN_IDENTITY = "iPhone Developer";
				"CODE_SIGN_IDENTITY[sdk=iphoneos*]" = "iPhone Developer";
				INFOPLIST_FILE = HadesProject/Info.plist;
				LD_RUNPATH_SEARCH_PATHS = "$(inherited) @executable_path/Frameworks";
				PRODUCT_BUNDLE_IDENTIFIER = "com.OurCompany.$(PRODUCT_NAME:rfc1034identifier)";
				PRODUCT_NAME = "$(TARGET_NAME)";
				PROVISIONING_PROFILE = "";
			};
			name = Release;
		};
		0CA0CEF01B1E3F41002282DA /* Debug */ = {
			isa = XCBuildConfiguration;
			buildSettings = {
				BUNDLE_LOADER = "$(TEST_HOST)";
				FRAMEWORK_SEARCH_PATHS = (
					"$(SDKROOT)/Developer/Library/Frameworks",
					"$(inherited)",
				);
				GCC_PREPROCESSOR_DEFINITIONS = (
					"DEBUG=1",
					"$(inherited)",
				);
				INFOPLIST_FILE = HadesProjectTests/Info.plist;
				LD_RUNPATH_SEARCH_PATHS = "$(inherited) @executable_path/Frameworks @loader_path/Frameworks";
				PRODUCT_BUNDLE_IDENTIFIER = "com.OurCompany.$(PRODUCT_NAME:rfc1034identifier)";
				PRODUCT_NAME = "$(TARGET_NAME)";
				TEST_HOST = "$(BUILT_PRODUCTS_DIR)/HadesProject.app/HadesProject";
			};
			name = Debug;
		};
		0CA0CEF11B1E3F41002282DA /* Release */ = {
			isa = XCBuildConfiguration;
			buildSettings = {
				BUNDLE_LOADER = "$(TEST_HOST)";
				FRAMEWORK_SEARCH_PATHS = (
					"$(SDKROOT)/Developer/Library/Frameworks",
					"$(inherited)",
				);
				INFOPLIST_FILE = HadesProjectTests/Info.plist;
				LD_RUNPATH_SEARCH_PATHS = "$(inherited) @executable_path/Frameworks @loader_path/Frameworks";
				PRODUCT_BUNDLE_IDENTIFIER = "com.OurCompany.$(PRODUCT_NAME:rfc1034identifier)";
				PRODUCT_NAME = "$(TARGET_NAME)";
				TEST_HOST = "$(BUILT_PRODUCTS_DIR)/HadesProject.app/HadesProject";
			};
			name = Release;
		};
		0D126FF11B41ADCC008C45B1 /* Debug */ = {
			isa = XCBuildConfiguration;
			buildSettings = {
				CODE_SIGN_IDENTITY = "iPhone Developer";
				"CODE_SIGN_IDENTITY[sdk=iphoneos*]" = "iPhone Developer";
				GCC_PREPROCESSOR_DEFINITIONS = (
					"DEBUG=1",
					"$(inherited)",
				);
				INFOPLIST_FILE = "HadesProject WatchKit Extension/Info.plist";
				LD_RUNPATH_SEARCH_PATHS = "$(inherited) @executable_path/Frameworks @executable_path/../../Frameworks";
				PRODUCT_NAME = "${TARGET_NAME}";
				SKIP_INSTALL = YES;
			};
			name = Debug;
		};
		0D126FF21B41ADCC008C45B1 /* Release */ = {
			isa = XCBuildConfiguration;
			buildSettings = {
				CODE_SIGN_IDENTITY = "iPhone Developer";
				"CODE_SIGN_IDENTITY[sdk=iphoneos*]" = "iPhone Developer";
				INFOPLIST_FILE = "HadesProject WatchKit Extension/Info.plist";
				LD_RUNPATH_SEARCH_PATHS = "$(inherited) @executable_path/Frameworks @executable_path/../../Frameworks";
				PRODUCT_NAME = "${TARGET_NAME}";
				SKIP_INSTALL = YES;
			};
			name = Release;
		};
		0D126FF31B41ADCC008C45B1 /* Debug */ = {
			isa = XCBuildConfiguration;
			buildSettings = {
				ASSETCATALOG_COMPILER_APPICON_NAME = AppIcon;
				GCC_PREPROCESSOR_DEFINITIONS = (
					"DEBUG=1",
					"$(inherited)",
				);
				IBSC_MODULE = HadesProject_WatchKit_Extension;
				INFOPLIST_FILE = "HadesProject WatchKit App/Info.plist";
				IPHONEOS_DEPLOYMENT_TARGET = 8.2;
				PRODUCT_NAME = "$(TARGET_NAME)";
				SKIP_INSTALL = YES;
				TARGETED_DEVICE_FAMILY = 4;
				"TARGETED_DEVICE_FAMILY[sdk=iphonesimulator*]" = "1,4";
			};
			name = Debug;
		};
		0D126FF41B41ADCC008C45B1 /* Release */ = {
			isa = XCBuildConfiguration;
			buildSettings = {
				ASSETCATALOG_COMPILER_APPICON_NAME = AppIcon;
				IBSC_MODULE = HadesProject_WatchKit_Extension;
				INFOPLIST_FILE = "HadesProject WatchKit App/Info.plist";
				IPHONEOS_DEPLOYMENT_TARGET = 8.2;
				PRODUCT_NAME = "$(TARGET_NAME)";
				SKIP_INSTALL = YES;
				TARGETED_DEVICE_FAMILY = 4;
				"TARGETED_DEVICE_FAMILY[sdk=iphonesimulator*]" = "1,4";
			};
			name = Release;
		};
/* End XCBuildConfiguration section */

/* Begin XCConfigurationList section */
		0CA0CEC41B1E3F41002282DA /* Build configuration list for PBXProject "HadesProject" */ = {
			isa = XCConfigurationList;
			buildConfigurations = (
				0CA0CEEA1B1E3F41002282DA /* Debug */,
				0CA0CEEB1B1E3F41002282DA /* Release */,
			);
			defaultConfigurationIsVisible = 0;
			defaultConfigurationName = Release;
		};
		0CA0CEEC1B1E3F41002282DA /* Build configuration list for PBXNativeTarget "HadesProject" */ = {
			isa = XCConfigurationList;
			buildConfigurations = (
				0CA0CEED1B1E3F41002282DA /* Debug */,
				0CA0CEEE1B1E3F41002282DA /* Release */,
			);
			defaultConfigurationIsVisible = 0;
			defaultConfigurationName = Release;
		};
		0CA0CEEF1B1E3F41002282DA /* Build configuration list for PBXNativeTarget "HadesProjectTests" */ = {
			isa = XCConfigurationList;
			buildConfigurations = (
				0CA0CEF01B1E3F41002282DA /* Debug */,
				0CA0CEF11B1E3F41002282DA /* Release */,
			);
			defaultConfigurationIsVisible = 0;
			defaultConfigurationName = Release;
		};
		0D126FF51B41ADCD008C45B1 /* Build configuration list for PBXNativeTarget "HadesProject WatchKit App" */ = {
			isa = XCConfigurationList;
			buildConfigurations = (
				0D126FF31B41ADCC008C45B1 /* Debug */,
				0D126FF41B41ADCC008C45B1 /* Release */,
			);
			defaultConfigurationIsVisible = 0;
			defaultConfigurationName = Release;
		};
		0D126FF61B41ADCD008C45B1 /* Build configuration list for PBXNativeTarget "HadesProject WatchKit Extension" */ = {
			isa = XCConfigurationList;
			buildConfigurations = (
				0D126FF11B41ADCC008C45B1 /* Debug */,
				0D126FF21B41ADCC008C45B1 /* Release */,
			);
			defaultConfigurationIsVisible = 0;
			defaultConfigurationName = Release;
		};
/* End XCConfigurationList section */
	};
	rootObject = 0CA0CEC11B1E3F41002282DA /* Project object */;
}
